
Microsoft Visual Studio Solution File, Format Version 12.00
# Visual Studio Version 16
VisualStudioVersion = 16.0.31613.86
MinimumVisualStudioVersion = 10.0.40219.1
Project("{FAE04EC0-301F-11D3-BF4B-00C04F79EFBC}") = "PrintBill", "PrintBill.csproj", "{1505B528-7577-4216-890D-0CB502C6661D}"
EndProject
Project("{FAE04EC0-301F-11D3-BF4B-00C04F79EFBC}") = "BillCal", "..\BillCal\BillCal.csproj", "{2960DD8D-7274-46D6-8634-629446C63751}"
EndProject
Project("{FAE04EC0-301F-11D3-BF4B-00C04F79EFBC}") = "MethodCalling", "..\MethodCalling\MethodCalling.csproj", "{77536D74-23E5-4685-9241-2F0C9F0D595E}"
EndProject
Global
	GlobalSection(SolutionConfigurationPlatforms) = preSolution
		Debug|Any CPU = Debug|Any CPU
		Release|Any CPU = Release|Any CPU
	EndGlobalSection
	GlobalSection(ProjectConfigurationPlatforms) = postSolution
		{1505B528-7577-4216-890D-0CB502C6661D}.Debug|Any CPU.ActiveCfg = Debug|Any CPU
		{1505B528-7577-4216-890D-0CB502C6661D}.Debug|Any CPU.Build.0 = Debug|Any CPU
		{1505B528-7577-4216-890D-0CB502C6661D}.Release|Any CPU.ActiveCfg = Release|Any CPU
		{1505B528-7577-4216-890D-0CB502C6661D}.Release|Any CPU.Build.0 = Release|Any CPU
		{2960DD8D-7274-46D6-8634-629446C63751}.Debug|Any CPU.ActiveCfg = Debug|Any CPU
		{2960DD8D-7274-46D6-8634-629446C63751}.Debug|Any CPU.Build.0 = Debug|Any CPU
		{2960DD8D-7274-46D6-8634-629446C63751}.Release|Any CPU.ActiveCfg = Release|Any CPU
		{2960DD8D-7274-46D6-8634-629446C63751}.Release|Any CPU.Build.0 = Release|Any CPU
		{77536D74-23E5-4685-9241-2F0C9F0D595E}.Debug|Any CPU.ActiveCfg = Debug|Any CPU
		{77536D74-23E5-4685-9241-2F0C9F0D595E}.Debug|Any CPU.Build.0 = Debug|Any CPU
		{77536D74-23E5-4685-9241-2F0C9F0D595E}.Release|Any CPU.ActiveCfg = Release|Any CPU
		{77536D74-23E5-4685-9241-2F0C9F0D595E}.Release|Any CPU.Build.0 = Release|Any CPU
	EndGlobalSection
	GlobalSection(SolutionProperties) = preSolution
		HideSolutionNode = FALSE
	EndGlobalSection
	GlobalSection(ExtensibilityGlobals) = postSolution
		SolutionGuid = {B4B441C9-1ACC-4106-9C5D-48DD68CA53AF}
	EndGlobalSection
EndGlobal
